
Microsoft Visual Studio Solution File, Format Version 12.00
# Visual Studio Version 17
VisualStudioVersion = 17.0.32112.339
MinimumVisualStudioVersion = 10.0.40219.1
Project("{FAE04EC0-301F-11D3-BF4B-00C04F79EFBC}") = "Pizza Ltd V0.1", "Pizza Ltd V0.1\Pizza Ltd V0.1.csproj", "{FB77E7C4-5E1E-4E5D-B131-7EA2DB68B44A}"
EndProject
Global
	GlobalSection(SolutionConfigurationPlatforms) = preSolution
		Debug|Any CPU = Debug|Any CPU
		Release|Any CPU = Release|Any CPU
	EndGlobalSection
	GlobalSection(ProjectConfigurationPlatforms) = postSolution
		{FB77E7C4-5E1E-4E5D-B131-7EA2DB68B44A}.Debug|Any CPU.ActiveCfg = Debug|Any CPU
		{FB77E7C4-5E1E-4E5D-B131-7EA2DB68B44A}.Debug|Any CPU.Build.0 = Debug|Any CPU
		{FB77E7C4-5E1E-4E5D-B131-7EA2DB68B44A}.Release|Any CPU.ActiveCfg = Release|Any CPU
		{FB77E7C4-5E1E-4E5D-B131-7EA2DB68B44A}.Release|Any CPU.Build.0 = Release|Any CPU
	EndGlobalSection
	GlobalSection(SolutionProperties) = preSolution
		HideSolutionNode = FALSE
	EndGlobalSection
	GlobalSection(ExtensibilityGlobals) = postSolution
		SolutionGuid = {42F7745C-6760-4593-8D22-59EBB62086B4}
	EndGlobalSection
EndGlobal
